// !$*UTF8*$!
{
	archiveVersion = 1;
	classes = {
	};
	objectVersion = 46;
	objects = {

/* Begin PBXBuildFile section */
		336DA3AA1BBAFFC800B9CBD8 /* AppDelegate.swift in Sources */ = {isa = PBXBuildFile; fileRef = 336DA3A91BBAFFC800B9CBD8 /* AppDelegate.swift */; };
		336DA3B11BBAFFC800B9CBD8 /* Main.storyboard in Resources */ = {isa = PBXBuildFile; fileRef = 336DA3AF1BBAFFC800B9CBD8 /* Main.storyboard */; };
		336DA3B31BBAFFC800B9CBD8 /* Assets.xcassets in Resources */ = {isa = PBXBuildFile; fileRef = 336DA3B21BBAFFC800B9CBD8 /* Assets.xcassets */; };
		336DA3B61BBAFFC800B9CBD8 /* LaunchScreen.storyboard in Resources */ = {isa = PBXBuildFile; fileRef = 336DA3B41BBAFFC800B9CBD8 /* LaunchScreen.storyboard */; };
		336DA3C11BBAFFC800B9CBD8 /* Xcode7UITestingTests.swift in Sources */ = {isa = PBXBuildFile; fileRef = 336DA3C01BBAFFC800B9CBD8 /* Xcode7UITestingTests.swift */; };
		336DA3CC1BBAFFC800B9CBD8 /* Xcode7UITestingUITests.swift in Sources */ = {isa = PBXBuildFile; fileRef = 336DA3CB1BBAFFC800B9CBD8 /* Xcode7UITestingUITests.swift */; };
		336DA3DD1BBB005400B9CBD8 /* DetailViewController.swift in Sources */ = {isa = PBXBuildFile; fileRef = 336DA3DA1BBB005400B9CBD8 /* DetailViewController.swift */; settings = {ASSET_TAGS = (); }; };
		336DA3DE1BBB005400B9CBD8 /* MasterViewController.swift in Sources */ = {isa = PBXBuildFile; fileRef = 336DA3DB1BBB005400B9CBD8 /* MasterViewController.swift */; settings = {ASSET_TAGS = (); }; };
/* End PBXBuildFile section */

/* Begin PBXContainerItemProxy section */
		336DA3BD1BBAFFC800B9CBD8 /* PBXContainerItemProxy */ = {
			isa = PBXContainerItemProxy;
			containerPortal = 336DA39E1BBAFFC700B9CBD8 /* Project object */;
			proxyType = 1;
			remoteGlobalIDString = 336DA3A51BBAFFC700B9CBD8;
			remoteInfo = Xcode7UITesting;
		};
		336DA3C81BBAFFC800B9CBD8 /* PBXContainerItemProxy */ = {
			isa = PBXContainerItemProxy;
			containerPortal = 336DA39E1BBAFFC700B9CBD8 /* Project object */;
			proxyType = 1;
			remoteGlobalIDString = 336DA3A51BBAFFC700B9CBD8;
			remoteInfo = Xcode7UITesting;
		};
/* End PBXContainerItemProxy section */

/* Begin PBXFileReference section */
		336DA3A61BBAFFC800B9CBD8 /* Xcode7UITesting.app */ = {isa = PBXFileReference; explicitFileType = wrapper.application; includeInIndex = 0; path = Xcode7UITesting.app; sourceTree = BUILT_PRODUCTS_DIR; };
		336DA3A91BBAFFC800B9CBD8 /* AppDelegate.swift */ = {isa = PBXFileReference; lastKnownFileType = sourcecode.swift; path = AppDelegate.swift; sourceTree = "<group>"; };
		336DA3B01BBAFFC800B9CBD8 /* Base */ = {isa = PBXFileReference; lastKnownFileType = file.storyboard; name = Base; path = Base.lproj/Main.storyboard; sourceTree = "<group>"; };
		336DA3B21BBAFFC800B9CBD8 /* Assets.xcassets */ = {isa = PBXFileReference; lastKnownFileType = folder.assetcatalog; path = Assets.xcassets; sourceTree = "<group>"; };
		336DA3B51BBAFFC800B9CBD8 /* Base */ = {isa = PBXFileReference; lastKnownFileType = file.storyboard; name = Base; path = Base.lproj/LaunchScreen.storyboard; sourceTree = "<group>"; };
		336DA3B71BBAFFC800B9CBD8 /* Info.plist */ = {isa = PBXFileReference; lastKnownFileType = text.plist.xml; path = Info.plist; sourceTree = "<group>"; };
		336DA3BC1BBAFFC800B9CBD8 /* Xcode7UITestingTests.xctest */ = {isa = PBXFileReference; explicitFileType = wrapper.cfbundle; includeInIndex = 0; path = Xcode7UITestingTests.xctest; sourceTree = BUILT_PRODUCTS_DIR; };
		336DA3C01BBAFFC800B9CBD8 /* Xcode7UITestingTests.swift */ = {isa = PBXFileReference; lastKnownFileType = sourcecode.swift; path = Xcode7UITestingTests.swift; sourceTree = "<group>"; };
		336DA3C21BBAFFC800B9CBD8 /* Info.plist */ = {isa = PBXFileReference; lastKnownFileType = text.plist.xml; path = Info.plist; sourceTree = "<group>"; };
		336DA3C71BBAFFC800B9CBD8 /* Xcode7UITestingUITests.xctest */ = {isa = PBXFileReference; explicitFileType = wrapper.cfbundle; includeInIndex = 0; path = Xcode7UITestingUITests.xctest; sourceTree = BUILT_PRODUCTS_DIR; };
		336DA3CB1BBAFFC800B9CBD8 /* Xcode7UITestingUITests.swift */ = {isa = PBXFileReference; lastKnownFileType = sourcecode.swift; path = Xcode7UITestingUITests.swift; sourceTree = "<group>"; };
		336DA3CD1BBAFFC800B9CBD8 /* Info.plist */ = {isa = PBXFileReference; lastKnownFileType = text.plist.xml; path = Info.plist; sourceTree = "<group>"; };
		336DA3DA1BBB005400B9CBD8 /* DetailViewController.swift */ = {isa = PBXFileReference; fileEncoding = 4; lastKnownFileType = sourcecode.swift; path = DetailViewController.swift; sourceTree = "<group>"; };
		336DA3DB1BBB005400B9CBD8 /* MasterViewController.swift */ = {isa = PBXFileReference; fileEncoding = 4; lastKnownFileType = sourcecode.swift; path = MasterViewController.swift; sourceTree = "<group>"; };
/* End PBXFileReference section */

/* Begin PBXFrameworksBuildPhase section */
		336DA3A31BBAFFC700B9CBD8 /* Frameworks */ = {
			isa = PBXFrameworksBuildPhase;
			buildActionMask = 2147483647;
			files = (
			);
			runOnlyForDeploymentPostprocessing = 0;
		};
		336DA3B91BBAFFC800B9CBD8 /* Frameworks */ = {
			isa = PBXFrameworksBuildPhase;
			buildActionMask = 2147483647;
			files = (
			);
			runOnlyForDeploymentPostprocessing = 0;
		};
		336DA3C41BBAFFC800B9CBD8 /* Frameworks */ = {
			isa = PBXFrameworksBuildPhase;
			buildActionMask = 2147483647;
			files = (
			);
			runOnlyForDeploymentPostprocessing = 0;
		};
/* End PBXFrameworksBuildPhase section */

/* Begin PBXGroup section */
		336DA39D1BBAFFC700B9CBD8 = {
			isa = PBXGroup;
			children = (
				336DA3A81BBAFFC800B9CBD8 /* Xcode7UITesting */,
				336DA3BF1BBAFFC800B9CBD8 /* Xcode7UITestingTests */,
				336DA3CA1BBAFFC800B9CBD8 /* Xcode7UITestingUITests */,
				336DA3A71BBAFFC800B9CBD8 /* Products */,
			);
			sourceTree = "<group>";
		};
		336DA3A71BBAFFC800B9CBD8 /* Products */ = {
			isa = PBXGroup;
			children = (
				336DA3A61BBAFFC800B9CBD8 /* Xcode7UITesting.app */,
				336DA3BC1BBAFFC800B9CBD8 /* Xcode7UITestingTests.xctest */,
				336DA3C71BBAFFC800B9CBD8 /* Xcode7UITestingUITests.xctest */,
			);
			name = Products;
			sourceTree = "<group>";
		};
		336DA3A81BBAFFC800B9CBD8 /* Xcode7UITesting */ = {
			isa = PBXGroup;
			children = (
				336DA3A91BBAFFC800B9CBD8 /* AppDelegate.swift */,
				336DA3E01BBB008000B9CBD8 /* Models */,
				336DA3DF1BBB007900B9CBD8 /* Network */,
				336DA3D91BBB005400B9CBD8 /* ViewControllers */,
				336DA3DC1BBB005400B9CBD8 /* Views */,
				336DA3AF1BBAFFC800B9CBD8 /* Main.storyboard */,
				336DA3B21BBAFFC800B9CBD8 /* Assets.xcassets */,
				336DA3B41BBAFFC800B9CBD8 /* LaunchScreen.storyboard */,
				336DA3B71BBAFFC800B9CBD8 /* Info.plist */,
			);
			path = Xcode7UITesting;
			sourceTree = "<group>";
		};
		336DA3BF1BBAFFC800B9CBD8 /* Xcode7UITestingTests */ = {
			isa = PBXGroup;
			children = (
				336DA3C01BBAFFC800B9CBD8 /* Xcode7UITestingTests.swift */,
				336DA3C21BBAFFC800B9CBD8 /* Info.plist */,
			);
			path = Xcode7UITestingTests;
			sourceTree = "<group>";
		};
		336DA3CA1BBAFFC800B9CBD8 /* Xcode7UITestingUITests */ = {
			isa = PBXGroup;
			children = (
				336DA3CB1BBAFFC800B9CBD8 /* Xcode7UITestingUITests.swift */,
				336DA3CD1BBAFFC800B9CBD8 /* Info.plist */,
			);
			path = Xcode7UITestingUITests;
			sourceTree = "<group>";
		};
		336DA3D91BBB005400B9CBD8 /* ViewControllers */ = {
			isa = PBXGroup;
			children = (
				336DA3DA1BBB005400B9CBD8 /* DetailViewController.swift */,
				336DA3DB1BBB005400B9CBD8 /* MasterViewController.swift */,
			);
			path = ViewControllers;
			sourceTree = "<group>";
		};
		336DA3DC1BBB005400B9CBD8 /* Views */ = {
			isa = PBXGroup;
			children = (
			);
			path = Views;
			sourceTree = "<group>";
		};
		336DA3DF1BBB007900B9CBD8 /* Network */ = {
			isa = PBXGroup;
			children = (
			);
			path = Network;
			sourceTree = "<group>";
		};
		336DA3E01BBB008000B9CBD8 /* Models */ = {
			isa = PBXGroup;
			children = (
				336DA3E11BBB056F00B9CBD8 /* DataSources */,
			);
			path = Models;
			sourceTree = "<group>";
		};
		336DA3E11BBB056F00B9CBD8 /* DataSources */ = {
			isa = PBXGroup;
			children = (
			);
			path = DataSources;
			sourceTree = "<group>";
		};
/* End PBXGroup section */

/* Begin PBXNativeTarget section */
		336DA3A51BBAFFC700B9CBD8 /* Xcode7UITesting */ = {
			isa = PBXNativeTarget;
			buildConfigurationList = 336DA3D01BBAFFC800B9CBD8 /* Build configuration list for PBXNativeTarget "Xcode7UITesting" */;
			buildPhases = (
				336DA3A21BBAFFC700B9CBD8 /* Sources */,
				336DA3A31BBAFFC700B9CBD8 /* Frameworks */,
				336DA3A41BBAFFC700B9CBD8 /* Resources */,
			);
			buildRules = (
			);
			dependencies = (
			);
			name = Xcode7UITesting;
			productName = Xcode7UITesting;
			productReference = 336DA3A61BBAFFC800B9CBD8 /* Xcode7UITesting.app */;
			productType = "com.apple.product-type.application";
		};
		336DA3BB1BBAFFC800B9CBD8 /* Xcode7UITestingTests */ = {
			isa = PBXNativeTarget;
			buildConfigurationList = 336DA3D31BBAFFC800B9CBD8 /* Build configuration list for PBXNativeTarget "Xcode7UITestingTests" */;
			buildPhases = (
				336DA3B81BBAFFC800B9CBD8 /* Sources */,
				336DA3B91BBAFFC800B9CBD8 /* Frameworks */,
				336DA3BA1BBAFFC800B9CBD8 /* Resources */,
			);
			buildRules = (
			);
			dependencies = (
				336DA3BE1BBAFFC800B9CBD8 /* PBXTargetDependency */,
			);
			name = Xcode7UITestingTests;
			productName = Xcode7UITestingTests;
			productReference = 336DA3BC1BBAFFC800B9CBD8 /* Xcode7UITestingTests.xctest */;
			productType = "com.apple.product-type.bundle.unit-test";
		};
		336DA3C61BBAFFC800B9CBD8 /* Xcode7UITestingUITests */ = {
			isa = PBXNativeTarget;
			buildConfigurationList = 336DA3D61BBAFFC800B9CBD8 /* Build configuration list for PBXNativeTarget "Xcode7UITestingUITests" */;
			buildPhases = (
				336DA3C31BBAFFC800B9CBD8 /* Sources */,
				336DA3C41BBAFFC800B9CBD8 /* Frameworks */,
				336DA3C51BBAFFC800B9CBD8 /* Resources */,
			);
			buildRules = (
			);
			dependencies = (
				336DA3C91BBAFFC800B9CBD8 /* PBXTargetDependency */,
			);
			name = Xcode7UITestingUITests;
			productName = Xcode7UITestingUITests;
			productReference = 336DA3C71BBAFFC800B9CBD8 /* Xcode7UITestingUITests.xctest */;
			productType = "com.apple.product-type.bundle.ui-testing";
		};
/* End PBXNativeTarget section */

/* Begin PBXProject section */
		336DA39E1BBAFFC700B9CBD8 /* Project object */ = {
			isa = PBXProject;
			attributes = {
				LastUpgradeCheck = 0700;
				ORGANIZATIONNAME = Vokal;
				TargetAttributes = {
					336DA3A51BBAFFC700B9CBD8 = {
						CreatedOnToolsVersion = 7.0.1;
					};
					336DA3BB1BBAFFC800B9CBD8 = {
						CreatedOnToolsVersion = 7.0.1;
						TestTargetID = 336DA3A51BBAFFC700B9CBD8;
					};
					336DA3C61BBAFFC800B9CBD8 = {
						CreatedOnToolsVersion = 7.0.1;
						TestTargetID = 336DA3A51BBAFFC700B9CBD8;
					};
				};
			};
			buildConfigurationList = 336DA3A11BBAFFC700B9CBD8 /* Build configuration list for PBXProject "Xcode7UITesting" */;
			compatibilityVersion = "Xcode 3.2";
			developmentRegion = English;
			hasScannedForEncodings = 0;
			knownRegions = (
				en,
				Base,
			);
			mainGroup = 336DA39D1BBAFFC700B9CBD8;
			productRefGroup = 336DA3A71BBAFFC800B9CBD8 /* Products */;
			projectDirPath = "";
			projectRoot = "";
			targets = (
				336DA3A51BBAFFC700B9CBD8 /* Xcode7UITesting */,
				336DA3BB1BBAFFC800B9CBD8 /* Xcode7UITestingTests */,
				336DA3C61BBAFFC800B9CBD8 /* Xcode7UITestingUITests */,
			);
		};
/* End PBXProject section */

/* Begin PBXResourcesBuildPhase section */
		336DA3A41BBAFFC700B9CBD8 /* Resources */ = {
			isa = PBXResourcesBuildPhase;
			buildActionMask = 2147483647;
			files = (
				336DA3B61BBAFFC800B9CBD8 /* LaunchScreen.storyboard in Resources */,
				336DA3B31BBAFFC800B9CBD8 /* Assets.xcassets in Resources */,
				336DA3B11BBAFFC800B9CBD8 /* Main.storyboard in Resources */,
			);
			runOnlyForDeploymentPostprocessing = 0;
		};
		336DA3BA1BBAFFC800B9CBD8 /* Resources */ = {
			isa = PBXResourcesBuildPhase;
			buildActionMask = 2147483647;
			files = (
			);
			runOnlyForDeploymentPostprocessing = 0;
		};
		336DA3C51BBAFFC800B9CBD8 /* Resources */ = {
			isa = PBXResourcesBuildPhase;
			buildActionMask = 2147483647;
			files = (
			);
			runOnlyForDeploymentPostprocessing = 0;
		};
/* End PBXResourcesBuildPhase section */

/* Begin PBXSourcesBuildPhase section */
		336DA3A21BBAFFC700B9CBD8 /* Sources */ = {
			isa = PBXSourcesBuildPhase;
			buildActionMask = 2147483647;
			files = (
				336DA3DE1BBB005400B9CBD8 /* MasterViewController.swift in Sources */,
				336DA3AA1BBAFFC800B9CBD8 /* AppDelegate.swift in Sources */,
				336DA3DD1BBB005400B9CBD8 /* DetailViewController.swift in Sources */,
			);
			runOnlyForDeploymentPostprocessing = 0;
		};
		336DA3B81BBAFFC800B9CBD8 /* Sources */ = {
			isa = PBXSourcesBuildPhase;
			buildActionMask = 2147483647;
			files = (
				336DA3C11BBAFFC800B9CBD8 /* Xcode7UITestingTests.swift in Sources */,
			);
			runOnlyForDeploymentPostprocessing = 0;
		};
		336DA3C31BBAFFC800B9CBD8 /* Sources */ = {
			isa = PBXSourcesBuildPhase;
			buildActionMask = 2147483647;
			files = (
				336DA3CC1BBAFFC800B9CBD8 /* Xcode7UITestingUITests.swift in Sources */,
			);
			runOnlyForDeploymentPostprocessing = 0;
		};
/* End PBXSourcesBuildPhase section */

/* Begin PBXTargetDependency section */
		336DA3BE1BBAFFC800B9CBD8 /* PBXTargetDependency */ = {
			isa = PBXTargetDependency;
			target = 336DA3A51BBAFFC700B9CBD8 /* Xcode7UITesting */;
			targetProxy = 336DA3BD1BBAFFC800B9CBD8 /* PBXContainerItemProxy */;
		};
		336DA3C91BBAFFC800B9CBD8 /* PBXTargetDependency */ = {
			isa = PBXTargetDependency;
			target = 336DA3A51BBAFFC700B9CBD8 /* Xcode7UITesting */;
			targetProxy = 336DA3C81BBAFFC800B9CBD8 /* PBXContainerItemProxy */;
		};
/* End PBXTargetDependency section */

/* Begin PBXVariantGroup section */
		336DA3AF1BBAFFC800B9CBD8 /* Main.storyboard */ = {
			isa = PBXVariantGroup;
			children = (
				336DA3B01BBAFFC800B9CBD8 /* Base */,
			);
			name = Main.storyboard;
			sourceTree = "<group>";
		};
		336DA3B41BBAFFC800B9CBD8 /* LaunchScreen.storyboard */ = {
			isa = PBXVariantGroup;
			children = (
				336DA3B51BBAFFC800B9CBD8 /* Base */,
			);
			name = LaunchScreen.storyboard;
			sourceTree = "<group>";
		};
/* End PBXVariantGroup section */

/* Begin XCBuildConfiguration section */
		336DA3CE1BBAFFC800B9CBD8 /* Debug */ = {
			isa = XCBuildConfiguration;
			buildSettings = {
				ALWAYS_SEARCH_USER_PATHS = NO;
				CLANG_CXX_LANGUAGE_STANDARD = "gnu++0x";
				CLANG_CXX_LIBRARY = "libc++";
				CLANG_ENABLE_MODULES = YES;
				CLANG_ENABLE_OBJC_ARC = YES;
				CLANG_WARN_BOOL_CONVERSION = YES;
				CLANG_WARN_CONSTANT_CONVERSION = YES;
				CLANG_WARN_DIRECT_OBJC_ISA_USAGE = YES_ERROR;
				CLANG_WARN_EMPTY_BODY = YES;
				CLANG_WARN_ENUM_CONVERSION = YES;
				CLANG_WARN_INT_CONVERSION = YES;
				CLANG_WARN_OBJC_ROOT_CLASS = YES_ERROR;
				CLANG_WARN_UNREACHABLE_CODE = YES;
				CLANG_WARN__DUPLICATE_METHOD_MATCH = YES;
				"CODE_SIGN_IDENTITY[sdk=iphoneos*]" = "iPhone Developer";
				COPY_PHASE_STRIP = NO;
				DEBUG_INFORMATION_FORMAT = dwarf;
				ENABLE_STRICT_OBJC_MSGSEND = YES;
				ENABLE_TESTABILITY = YES;
				GCC_C_LANGUAGE_STANDARD = gnu99;
				GCC_DYNAMIC_NO_PIC = NO;
				GCC_NO_COMMON_BLOCKS = YES;
				GCC_OPTIMIZATION_LEVEL = 0;
				GCC_PREPROCESSOR_DEFINITIONS = (
					"DEBUG=1",
					"$(inherited)",
				);
				GCC_WARN_64_TO_32_BIT_CONVERSION = YES;
				GCC_WARN_ABOUT_RETURN_TYPE = YES_ERROR;
				GCC_WARN_UNDECLARED_SELECTOR = YES;
				GCC_WARN_UNINITIALIZED_AUTOS = YES_AGGRESSIVE;
				GCC_WARN_UNUSED_FUNCTION = YES;
				GCC_WARN_UNUSED_VARIABLE = YES;
				IPHONEOS_DEPLOYMENT_TARGET = 9.0;
				MTL_ENABLE_DEBUG_INFO = YES;
				ONLY_ACTIVE_ARCH = YES;
				SDKROOT = iphoneos;
				SWIFT_OPTIMIZATION_LEVEL = "-Onone";
			};
			name = Debug;
		};
		336DA3CF1BBAFFC800B9CBD8 /* Release */ = {
			isa = XCBuildConfiguration;
			buildSettings = {
				ALWAYS_SEARCH_USER_PATHS = NO;
				CLANG_CXX_LANGUAGE_STANDARD = "gnu++0x";
				CLANG_CXX_LIBRARY = "libc++";
				CLANG_ENABLE_MODULES = YES;
				CLANG_ENABLE_OBJC_ARC = YES;
				CLANG_WARN_BOOL_CONVERSION = YES;
				CLANG_WARN_CONSTANT_CONVERSION = YES;
				CLANG_WARN_DIRECT_OBJC_ISA_USAGE = YES_ERROR;
				CLANG_WARN_EMPTY_BODY = YES;
				CLANG_WARN_ENUM_CONVERSION = YES;
				CLANG_WARN_INT_CONVERSION = YES;
				CLANG_WARN_OBJC_ROOT_CLASS = YES_ERROR;
				CLANG_WARN_UNREACHABLE_CODE = YES;
				CLANG_WARN__DUPLICATE_METHOD_MATCH = YES;
				"CODE_SIGN_IDENTITY[sdk=iphoneos*]" = "iPhone Developer";
				COPY_PHASE_STRIP = NO;
				DEBUG_INFORMATION_FORMAT = "dwarf-with-dsym";
				ENABLE_NS_ASSERTIONS = NO;
				ENABLE_STRICT_OBJC_MSGSEND = YES;
				GCC_C_LANGUAGE_STANDARD = gnu99;
				GCC_NO_COMMON_BLOCKS = YES;
				GCC_WARN_64_TO_32_BIT_CONVERSION = YES;
				GCC_WARN_ABOUT_RETURN_TYPE = YES_ERROR;
				GCC_WARN_UNDECLARED_SELECTOR = YES;
				GCC_WARN_UNINITIALIZED_AUTOS = YES_AGGRESSIVE;
				GCC_WARN_UNUSED_FUNCTION = YES;
				GCC_WARN_UNUSED_VARIABLE = YES;
				IPHONEOS_DEPLOYMENT_TARGET = 9.0;
				MTL_ENABLE_DEBUG_INFO = NO;
				SDKROOT = iphoneos;
				VALIDATE_PRODUCT = YES;
			};
			name = Release;
		};
		336DA3D11BBAFFC800B9CBD8 /* Debug */ = {
			isa = XCBuildConfiguration;
			buildSettings = {
				ASSETCATALOG_COMPILER_APPICON_NAME = AppIcon;
				INFOPLIST_FILE = Xcode7UITesting/Info.plist;
				LD_RUNPATH_SEARCH_PATHS = "$(inherited) @executable_path/Frameworks";
				PRODUCT_BUNDLE_IDENTIFIER = com.vokal.Xcode7UITesting;
				PRODUCT_NAME = "$(TARGET_NAME)";
			};
			name = Debug;
		};
		336DA3D21BBAFFC800B9CBD8 /* Release */ = {
			isa = XCBuildConfiguration;
			buildSettings = {
				ASSETCATALOG_COMPILER_APPICON_NAME = AppIcon;
				INFOPLIST_FILE = Xcode7UITesting/Info.plist;
				LD_RUNPATH_SEARCH_PATHS = "$(inherited) @executable_path/Frameworks";
				PRODUCT_BUNDLE_IDENTIFIER = com.vokal.Xcode7UITesting;
				PRODUCT_NAME = "$(TARGET_NAME)";
			};
			name = Release;
		};
		336DA3D41BBAFFC800B9CBD8 /* Debug */ = {
			isa = XCBuildConfiguration;
			buildSettings = {
				BUNDLE_LOADER = "$(TEST_HOST)";
				INFOPLIST_FILE = Xcode7UITestingTests/Info.plist;
				LD_RUNPATH_SEARCH_PATHS = "$(inherited) @executable_path/Frameworks @loader_path/Frameworks";
				PRODUCT_BUNDLE_IDENTIFIER = com.vokal.Xcode7UITestingTests;
				PRODUCT_NAME = "$(TARGET_NAME)";
				TEST_HOST = "$(BUILT_PRODUCTS_DIR)/Xcode7UITesting.app/Xcode7UITesting";
			};
			name = Debug;
		};
		336DA3D51BBAFFC800B9CBD8 /* Release */ = {
			isa = XCBuildConfiguration;
			buildSettings = {
				BUNDLE_LOADER = "$(TEST_HOST)";
				INFOPLIST_FILE = Xcode7UITestingTests/Info.plist;
				LD_RUNPATH_SEARCH_PATHS = "$(inherited) @executable_path/Frameworks @loader_path/Frameworks";
				PRODUCT_BUNDLE_IDENTIFIER = com.vokal.Xcode7UITestingTests;
				PRODUCT_NAME = "$(TARGET_NAME)";
				TEST_HOST = "$(BUILT_PRODUCTS_DIR)/Xcode7UITesting.app/Xcode7UITesting";
			};
			name = Release;
		};
		336DA3D71BBAFFC800B9CBD8 /* Debug */ = {
			isa = XCBuildConfiguration;
			buildSettings = {
				INFOPLIST_FILE = Xcode7UITestingUITests/Info.plist;
				LD_RUNPATH_SEARCH_PATHS = "$(inherited) @executable_path/Frameworks @loader_path/Frameworks";
				PRODUCT_BUNDLE_IDENTIFIER = com.vokal.Xcode7UITestingUITests;
				PRODUCT_NAME = "$(TARGET_NAME)";
				TEST_TARGET_NAME = Xcode7UITesting;
				USES_XCTRUNNER = YES;
			};
			name = Debug;
		};
		336DA3D81BBAFFC800B9CBD8 /* Release */ = {
			isa = XCBuildConfiguration;
			buildSettings = {
				INFOPLIST_FILE = Xcode7UITestingUITests/Info.plist;
				LD_RUNPATH_SEARCH_PATHS = "$(inherited) @executable_path/Frameworks @loader_path/Frameworks";
				PRODUCT_BUNDLE_IDENTIFIER = com.vokal.Xcode7UITestingUITests;
				PRODUCT_NAME = "$(TARGET_NAME)";
				TEST_TARGET_NAME = Xcode7UITesting;
				USES_XCTRUNNER = YES;
			};
			name = Release;
		};
/* End XCBuildConfiguration section */

/* Begin XCConfigurationList section */
		336DA3A11BBAFFC700B9CBD8 /* Build configuration list for PBXProject "Xcode7UITesting" */ = {
			isa = XCConfigurationList;
			buildConfigurations = (
				336DA3CE1BBAFFC800B9CBD8 /* Debug */,
				336DA3CF1BBAFFC800B9CBD8 /* Release */,
			);
			defaultConfigurationIsVisible = 0;
			defaultConfigurationName = Release;
		};
		336DA3D01BBAFFC800B9CBD8 /* Build configuration list for PBXNativeTarget "Xcode7UITesting" */ = {
			isa = XCConfigurationList;
			buildConfigurations = (
				336DA3D11BBAFFC800B9CBD8 /* Debug */,
				336DA3D21BBAFFC800B9CBD8 /* Release */,
			);
			defaultConfigurationIsVisible = 0;
		};
		336DA3D31BBAFFC800B9CBD8 /* Build configuration list for PBXNativeTarget "Xcode7UITestingTests" */ = {
			isa = XCConfigurationList;
			buildConfigurations = (
				336DA3D41BBAFFC800B9CBD8 /* Debug */,
				336DA3D51BBAFFC800B9CBD8 /* Release */,
			);
			defaultConfigurationIsVisible = 0;
		};
		336DA3D61BBAFFC800B9CBD8 /* Build configuration list for PBXNativeTarget "Xcode7UITestingUITests" */ = {
			isa = XCConfigurationList;
			buildConfigurations = (
				336DA3D71BBAFFC800B9CBD8 /* Debug */,
				336DA3D81BBAFFC800B9CBD8 /* Release */,
			);
			defaultConfigurationIsVisible = 0;
		};
/* End XCConfigurationList section */
	};
	rootObject = 336DA39E1BBAFFC700B9CBD8 /* Project object */;
}
